
Microsoft Visual Studio Solution File, Format Version 12.00
# Visual Studio Version 17
VisualStudioVersion = 17.7.34024.191
MinimumVisualStudioVersion = 10.0.40219.1
Project("{888888A0-9F3D-457C-B088-3A5042F75D52}") = "Fin_Data_Visualization", "Fin_Data_Visualization.pyproj", "{FC8B3CCB-60A2-4432-876F-CF85A5DD8BF8}"
EndProject
Project("{2150E333-8FDC-42A3-9474-1A3956D46DE8}") = "financial data analysis application", "financial data analysis application", "{44E1FD17-FA5A-4460-ABBF-0A0353FD0BDF}"
EndProject
Global
	GlobalSection(SolutionConfigurationPlatforms) = preSolution
		Debug|Any CPU = Debug|Any CPU
		Release|Any CPU = Release|Any CPU
	EndGlobalSection
	GlobalSection(ProjectConfigurationPlatforms) = postSolution
		{FC8B3CCB-60A2-4432-876F-CF85A5DD8BF8}.Debug|Any CPU.ActiveCfg = Debug|Any CPU
		{FC8B3CCB-60A2-4432-876F-CF85A5DD8BF8}.Release|Any CPU.ActiveCfg = Release|Any CPU
	EndGlobalSection
	GlobalSection(SolutionProperties) = preSolution
		HideSolutionNode = FALSE
	EndGlobalSection
	GlobalSection(NestedProjects) = preSolution
		{FC8B3CCB-60A2-4432-876F-CF85A5DD8BF8} = {44E1FD17-FA5A-4460-ABBF-0A0353FD0BDF}
	EndGlobalSection
	GlobalSection(ExtensibilityGlobals) = postSolution
		SolutionGuid = {FF945014-92CC-4E56-A78F-AF3249C225F1}
	EndGlobalSection
EndGlobal
